
Microsoft Visual Studio Solution File, Format Version 12.00
# Visual Studio Version 17
VisualStudioVersion = 17.9.34622.214
MinimumVisualStudioVersion = 10.0.40219.1
Project("{FAE04EC0-301F-11D3-BF4B-00C04F79EFBC}") = "RequestLimiter_Middleware", "RequestLimiter_Middleware.csproj", "{E1E379FE-7B19-4BAF-874E-8098F00A7F30}"
EndProject
Global
	GlobalSection(SolutionConfigurationPlatforms) = preSolution
		Debug|Any CPU = Debug|Any CPU
		Release|Any CPU = Release|Any CPU
	EndGlobalSection
	GlobalSection(ProjectConfigurationPlatforms) = postSolution
		{E1E379FE-7B19-4BAF-874E-8098F00A7F30}.Debug|Any CPU.ActiveCfg = Debug|Any CPU
		{E1E379FE-7B19-4BAF-874E-8098F00A7F30}.Debug|Any CPU.Build.0 = Debug|Any CPU
		{E1E379FE-7B19-4BAF-874E-8098F00A7F30}.Release|Any CPU.ActiveCfg = Release|Any CPU
		{E1E379FE-7B19-4BAF-874E-8098F00A7F30}.Release|Any CPU.Build.0 = Release|Any CPU
	EndGlobalSection
	GlobalSection(SolutionProperties) = preSolution
		HideSolutionNode = FALSE
	EndGlobalSection
	GlobalSection(ExtensibilityGlobals) = postSolution
		SolutionGuid = {18F7B2E5-43EB-4415-850D-EB633D3064C8}
	EndGlobalSection
EndGlobal
